
Microsoft Visual Studio Solution File, Format Version 12.00
# Visual Studio Version 17
VisualStudioVersion = 17.11.35222.181
MinimumVisualStudioVersion = 10.0.40219.1
Project("{2150E333-8FDC-42A3-9474-1A3956D46DE8}") = "src", "src", "{E9910AB2-5102-4A8B-A348-8981F7FCCAC6}"
EndProject
Project("{2150E333-8FDC-42A3-9474-1A3956D46DE8}") = "Api", "Api", "{90EF9904-CA80-4C6A-B3E9-2C28F8E1C3EA}"
EndProject
Project("{9A19103F-16F7-4668-BE54-9A1E7A4F7556}") = "Khaart.Api", "src\Api\Khaart.Api\Khaart.Api.csproj", "{7E8458C7-FC6C-4D85-B7A8-B4D58CD2B74B}"
EndProject
Project("{2150E333-8FDC-42A3-9474-1A3956D46DE8}") = "tests", "tests", "{7349CB2D-6070-4C06-A7D7-98E9C06F80CC}"
EndProject
Project("{9A19103F-16F7-4668-BE54-9A1E7A4F7556}") = "Khaart.IntegrationTests", "tests\Khaart.IntegrationTests\Khaart.IntegrationTests.csproj", "{9BFCB148-8E7E-4891-B77D-35639E49DCCE}"
EndProject
Project("{2150E333-8FDC-42A3-9474-1A3956D46DE8}") = "Solution Items", "Solution Items", "{CB5C91E6-5573-4436-BEA9-6FA1FB693E53}"
	ProjectSection(SolutionItems) = preProject
		.editorconfig = .editorconfig
		.gitignore = .gitignore
		Directory.Build.props = Directory.Build.props
		Directory.Packages.props = Directory.Packages.props
		LICENSE = LICENSE
		README.md = README.md
	EndProjectSection
EndProject
Project("{2150E333-8FDC-42A3-9474-1A3956D46DE8}") = "SharedKernel", "SharedKernel", "{F0924D4C-98FF-4A30-A242-097F37473171}"
EndProject
Project("{FAE04EC0-301F-11D3-BF4B-00C04F79EFBC}") = "Khaart.SharedKernel.Domain", "src\SharedKernel\Khaart.SharedKernel.Domain\Khaart.SharedKernel.Domain.csproj", "{E0A0E313-8EBD-47F8-B1FE-6444F2E9FC73}"
EndProject
Project("{FAE04EC0-301F-11D3-BF4B-00C04F79EFBC}") = "Khaart.SharedKernel.Application", "src\SharedKernel\Khaart.SharedKernel.Application\Khaart.SharedKernel.Application.csproj", "{B271C06E-1545-4834-86ED-0D472EE9C056}"
EndProject
Project("{FAE04EC0-301F-11D3-BF4B-00C04F79EFBC}") = "Khaart.SharedKernel.Infrastructure", "src\SharedKernel\Khaart.SharedKernel.Infrastructure\Khaart.SharedKernel.Infrastructure.csproj", "{EA8F13FD-732D-4648-A30B-F15F35401F89}"
EndProject
Global
	GlobalSection(SolutionConfigurationPlatforms) = preSolution
		Debug|Any CPU = Debug|Any CPU
		Release|Any CPU = Release|Any CPU
	EndGlobalSection
	GlobalSection(ProjectConfigurationPlatforms) = postSolution
		{7E8458C7-FC6C-4D85-B7A8-B4D58CD2B74B}.Debug|Any CPU.ActiveCfg = Debug|Any CPU
		{7E8458C7-FC6C-4D85-B7A8-B4D58CD2B74B}.Debug|Any CPU.Build.0 = Debug|Any CPU
		{7E8458C7-FC6C-4D85-B7A8-B4D58CD2B74B}.Release|Any CPU.ActiveCfg = Release|Any CPU
		{7E8458C7-FC6C-4D85-B7A8-B4D58CD2B74B}.Release|Any CPU.Build.0 = Release|Any CPU
		{9BFCB148-8E7E-4891-B77D-35639E49DCCE}.Debug|Any CPU.ActiveCfg = Debug|Any CPU
		{9BFCB148-8E7E-4891-B77D-35639E49DCCE}.Debug|Any CPU.Build.0 = Debug|Any CPU
		{9BFCB148-8E7E-4891-B77D-35639E49DCCE}.Release|Any CPU.ActiveCfg = Release|Any CPU
		{9BFCB148-8E7E-4891-B77D-35639E49DCCE}.Release|Any CPU.Build.0 = Release|Any CPU
		{E0A0E313-8EBD-47F8-B1FE-6444F2E9FC73}.Debug|Any CPU.ActiveCfg = Debug|Any CPU
		{E0A0E313-8EBD-47F8-B1FE-6444F2E9FC73}.Debug|Any CPU.Build.0 = Debug|Any CPU
		{E0A0E313-8EBD-47F8-B1FE-6444F2E9FC73}.Release|Any CPU.ActiveCfg = Release|Any CPU
		{E0A0E313-8EBD-47F8-B1FE-6444F2E9FC73}.Release|Any CPU.Build.0 = Release|Any CPU
		{B271C06E-1545-4834-86ED-0D472EE9C056}.Debug|Any CPU.ActiveCfg = Debug|Any CPU
		{B271C06E-1545-4834-86ED-0D472EE9C056}.Debug|Any CPU.Build.0 = Debug|Any CPU
		{B271C06E-1545-4834-86ED-0D472EE9C056}.Release|Any CPU.ActiveCfg = Release|Any CPU
		{B271C06E-1545-4834-86ED-0D472EE9C056}.Release|Any CPU.Build.0 = Release|Any CPU
		{EA8F13FD-732D-4648-A30B-F15F35401F89}.Debug|Any CPU.ActiveCfg = Debug|Any CPU
		{EA8F13FD-732D-4648-A30B-F15F35401F89}.Debug|Any CPU.Build.0 = Debug|Any CPU
		{EA8F13FD-732D-4648-A30B-F15F35401F89}.Release|Any CPU.ActiveCfg = Release|Any CPU
		{EA8F13FD-732D-4648-A30B-F15F35401F89}.Release|Any CPU.Build.0 = Release|Any CPU
	EndGlobalSection
	GlobalSection(SolutionProperties) = preSolution
		HideSolutionNode = FALSE
	EndGlobalSection
	GlobalSection(NestedProjects) = preSolution
		{90EF9904-CA80-4C6A-B3E9-2C28F8E1C3EA} = {E9910AB2-5102-4A8B-A348-8981F7FCCAC6}
		{7E8458C7-FC6C-4D85-B7A8-B4D58CD2B74B} = {90EF9904-CA80-4C6A-B3E9-2C28F8E1C3EA}
		{9BFCB148-8E7E-4891-B77D-35639E49DCCE} = {7349CB2D-6070-4C06-A7D7-98E9C06F80CC}
		{F0924D4C-98FF-4A30-A242-097F37473171} = {E9910AB2-5102-4A8B-A348-8981F7FCCAC6}
		{E0A0E313-8EBD-47F8-B1FE-6444F2E9FC73} = {F0924D4C-98FF-4A30-A242-097F37473171}
		{B271C06E-1545-4834-86ED-0D472EE9C056} = {F0924D4C-98FF-4A30-A242-097F37473171}
		{EA8F13FD-732D-4648-A30B-F15F35401F89} = {F0924D4C-98FF-4A30-A242-097F37473171}
	EndGlobalSection
	GlobalSection(ExtensibilityGlobals) = postSolution
		SolutionGuid = {A213E1C4-C6E0-48CE-8BE6-BF7D58F981B2}
	EndGlobalSection
EndGlobal
